
Microsoft Visual Studio Solution File, Format Version 12.00
# Visual Studio Version 17
VisualStudioVersion = 17.8.34330.188
MinimumVisualStudioVersion = 10.0.40219.1
Project("{FAE04EC0-301F-11D3-BF4B-00C04F79EFBC}") = "NewtonLibraryManu", "NewtonLibraryManu.csproj", "{D2072D14-2934-4737-8BAD-AB8789F588EE}"
EndProject
Global
	GlobalSection(SolutionConfigurationPlatforms) = preSolution
		Debug|Any CPU = Debug|Any CPU
		Release|Any CPU = Release|Any CPU
	EndGlobalSection
	GlobalSection(ProjectConfigurationPlatforms) = postSolution
		{D2072D14-2934-4737-8BAD-AB8789F588EE}.Debug|Any CPU.ActiveCfg = Debug|Any CPU
		{D2072D14-2934-4737-8BAD-AB8789F588EE}.Debug|Any CPU.Build.0 = Debug|Any CPU
		{D2072D14-2934-4737-8BAD-AB8789F588EE}.Release|Any CPU.ActiveCfg = Release|Any CPU
		{D2072D14-2934-4737-8BAD-AB8789F588EE}.Release|Any CPU.Build.0 = Release|Any CPU
	EndGlobalSection
	GlobalSection(SolutionProperties) = preSolution
		HideSolutionNode = FALSE
	EndGlobalSection
	GlobalSection(ExtensibilityGlobals) = postSolution
		SolutionGuid = {C71A99A9-6A2F-4A1A-90C6-04ACDB30406D}
	EndGlobalSection
EndGlobal
